// !$*UTF8*$!
{
	archiveVersion = 1;
	classes = {
	};
	objectVersion = 46;
	objects = {

/* Begin PBXBuildFile section */
		952ADF191BB7A9C000BE1478 /* main.m in Sources */ = {isa = PBXBuildFile; fileRef = 952ADF181BB7A9C000BE1478 /* main.m */; };
		952ADF1C1BB7A9C000BE1478 /* AppDelegate.m in Sources */ = {isa = PBXBuildFile; fileRef = 952ADF1B1BB7A9C000BE1478 /* AppDelegate.m */; };
		952ADF1F1BB7A9C000BE1478 /* ViewController.m in Sources */ = {isa = PBXBuildFile; fileRef = 952ADF1E1BB7A9C000BE1478 /* ViewController.m */; };
		952ADF221BB7A9C000BE1478 /* Main.storyboard in Resources */ = {isa = PBXBuildFile; fileRef = 952ADF201BB7A9C000BE1478 /* Main.storyboard */; };
		952ADF241BB7A9C000BE1478 /* Images.xcassets in Resources */ = {isa = PBXBuildFile; fileRef = 952ADF231BB7A9C000BE1478 /* Images.xcassets */; };
		952ADF271BB7A9C000BE1478 /* LaunchScreen.xib in Resources */ = {isa = PBXBuildFile; fileRef = 952ADF251BB7A9C000BE1478 /* LaunchScreen.xib */; };
		952ADF331BB7A9C000BE1478 /* Chalange_6Tests.m in Sources */ = {isa = PBXBuildFile; fileRef = 952ADF321BB7A9C000BE1478 /* Chalange_6Tests.m */; };
/* End PBXBuildFile section */

/* Begin PBXContainerItemProxy section */
		952ADF2D1BB7A9C000BE1478 /* PBXContainerItemProxy */ = {
			isa = PBXContainerItemProxy;
			containerPortal = 952ADF0B1BB7A9C000BE1478 /* Project object */;
			proxyType = 1;
			remoteGlobalIDString = 952ADF121BB7A9C000BE1478;
			remoteInfo = "Chalange 6";
		};
/* End PBXContainerItemProxy section */

/* Begin PBXFileReference section */
		952ADF131BB7A9C000BE1478 /* Chalange 6.app */ = {isa = PBXFileReference; explicitFileType = wrapper.application; includeInIndex = 0; path = "Chalange 6.app"; sourceTree = BUILT_PRODUCTS_DIR; };
		952ADF171BB7A9C000BE1478 /* Info.plist */ = {isa = PBXFileReference; lastKnownFileType = text.plist.xml; path = Info.plist; sourceTree = "<group>"; };
		952ADF181BB7A9C000BE1478 /* main.m */ = {isa = PBXFileReference; lastKnownFileType = sourcecode.c.objc; path = main.m; sourceTree = "<group>"; };
		952ADF1A1BB7A9C000BE1478 /* AppDelegate.h */ = {isa = PBXFileReference; lastKnownFileType = sourcecode.c.h; path = AppDelegate.h; sourceTree = "<group>"; };
		952ADF1B1BB7A9C000BE1478 /* AppDelegate.m */ = {isa = PBXFileReference; lastKnownFileType = sourcecode.c.objc; path = AppDelegate.m; sourceTree = "<group>"; };
		952ADF1D1BB7A9C000BE1478 /* ViewController.h */ = {isa = PBXFileReference; lastKnownFileType = sourcecode.c.h; path = ViewController.h; sourceTree = "<group>"; };
		952ADF1E1BB7A9C000BE1478 /* ViewController.m */ = {isa = PBXFileReference; lastKnownFileType = sourcecode.c.objc; path = ViewController.m; sourceTree = "<group>"; };
		952ADF211BB7A9C000BE1478 /* Base */ = {isa = PBXFileReference; lastKnownFileType = file.storyboard; name = Base; path = Base.lproj/Main.storyboard; sourceTree = "<group>"; };
		952ADF231BB7A9C000BE1478 /* Images.xcassets */ = {isa = PBXFileReference; lastKnownFileType = folder.assetcatalog; path = Images.xcassets; sourceTree = "<group>"; };
		952ADF261BB7A9C000BE1478 /* Base */ = {isa = PBXFileReference; lastKnownFileType = file.xib; name = Base; path = Base.lproj/LaunchScreen.xib; sourceTree = "<group>"; };
		952ADF2C1BB7A9C000BE1478 /* Chalange 6Tests.xctest */ = {isa = PBXFileReference; explicitFileType = wrapper.cfbundle; includeInIndex = 0; path = "Chalange 6Tests.xctest"; sourceTree = BUILT_PRODUCTS_DIR; };
		952ADF311BB7A9C000BE1478 /* Info.plist */ = {isa = PBXFileReference; lastKnownFileType = text.plist.xml; path = Info.plist; sourceTree = "<group>"; };
		952ADF321BB7A9C000BE1478 /* Chalange_6Tests.m */ = {isa = PBXFileReference; lastKnownFileType = sourcecode.c.objc; path = Chalange_6Tests.m; sourceTree = "<group>"; };
/* End PBXFileReference section */

/* Begin PBXFrameworksBuildPhase section */
		952ADF101BB7A9C000BE1478 /* Frameworks */ = {
			isa = PBXFrameworksBuildPhase;
			buildActionMask = 2147483647;
			files = (
			);
			runOnlyForDeploymentPostprocessing = 0;
		};
		952ADF291BB7A9C000BE1478 /* Frameworks */ = {
			isa = PBXFrameworksBuildPhase;
			buildActionMask = 2147483647;
			files = (
			);
			runOnlyForDeploymentPostprocessing = 0;
		};
/* End PBXFrameworksBuildPhase section */

/* Begin PBXGroup section */
		952ADF0A1BB7A9C000BE1478 = {
			isa = PBXGroup;
			children = (
				952ADF151BB7A9C000BE1478 /* Chalange 6 */,
				952ADF2F1BB7A9C000BE1478 /* Chalange 6Tests */,
				952ADF141BB7A9C000BE1478 /* Products */,
			);
			sourceTree = "<group>";
		};
		952ADF141BB7A9C000BE1478 /* Products */ = {
			isa = PBXGroup;
			children = (
				952ADF131BB7A9C000BE1478 /* Chalange 6.app */,
				952ADF2C1BB7A9C000BE1478 /* Chalange 6Tests.xctest */,
			);
			name = Products;
			sourceTree = "<group>";
		};
		952ADF151BB7A9C000BE1478 /* Chalange 6 */ = {
			isa = PBXGroup;
			children = (
				952ADF1A1BB7A9C000BE1478 /* AppDelegate.h */,
				952ADF1B1BB7A9C000BE1478 /* AppDelegate.m */,
				952ADF1D1BB7A9C000BE1478 /* ViewController.h */,
				952ADF1E1BB7A9C000BE1478 /* ViewController.m */,
				952ADF201BB7A9C000BE1478 /* Main.storyboard */,
				952ADF231BB7A9C000BE1478 /* Images.xcassets */,
				952ADF251BB7A9C000BE1478 /* LaunchScreen.xib */,
				952ADF161BB7A9C000BE1478 /* Supporting Files */,
			);
			path = "Chalange 6";
			sourceTree = "<group>";
		};
		952ADF161BB7A9C000BE1478 /* Supporting Files */ = {
			isa = PBXGroup;
			children = (
				952ADF171BB7A9C000BE1478 /* Info.plist */,
				952ADF181BB7A9C000BE1478 /* main.m */,
			);
			name = "Supporting Files";
			sourceTree = "<group>";
		};
		952ADF2F1BB7A9C000BE1478 /* Chalange 6Tests */ = {
			isa = PBXGroup;
			children = (
				952ADF321BB7A9C000BE1478 /* Chalange_6Tests.m */,
				952ADF301BB7A9C000BE1478 /* Supporting Files */,
			);
			path = "Chalange 6Tests";
			sourceTree = "<group>";
		};
		952ADF301BB7A9C000BE1478 /* Supporting Files */ = {
			isa = PBXGroup;
			children = (
				952ADF311BB7A9C000BE1478 /* Info.plist */,
			);
			name = "Supporting Files";
			sourceTree = "<group>";
		};
/* End PBXGroup section */

/* Begin PBXNativeTarget section */
		952ADF121BB7A9C000BE1478 /* Chalange 6 */ = {
			isa = PBXNativeTarget;
			buildConfigurationList = 952ADF361BB7A9C000BE1478 /* Build configuration list for PBXNativeTarget "Chalange 6" */;
			buildPhases = (
				952ADF0F1BB7A9C000BE1478 /* Sources */,
				952ADF101BB7A9C000BE1478 /* Frameworks */,
				952ADF111BB7A9C000BE1478 /* Resources */,
			);
			buildRules = (
			);
			dependencies = (
			);
			name = "Chalange 6";
			productName = "Chalange 6";
			productReference = 952ADF131BB7A9C000BE1478 /* Chalange 6.app */;
			productType = "com.apple.product-type.application";
		};
		952ADF2B1BB7A9C000BE1478 /* Chalange 6Tests */ = {
			isa = PBXNativeTarget;
			buildConfigurationList = 952ADF391BB7A9C000BE1478 /* Build configuration list for PBXNativeTarget "Chalange 6Tests" */;
			buildPhases = (
				952ADF281BB7A9C000BE1478 /* Sources */,
				952ADF291BB7A9C000BE1478 /* Frameworks */,
				952ADF2A1BB7A9C000BE1478 /* Resources */,
			);
			buildRules = (
			);
			dependencies = (
				952ADF2E1BB7A9C000BE1478 /* PBXTargetDependency */,
			);
			name = "Chalange 6Tests";
			productName = "Chalange 6Tests";
			productReference = 952ADF2C1BB7A9C000BE1478 /* Chalange 6Tests.xctest */;
			productType = "com.apple.product-type.bundle.unit-test";
		};
/* End PBXNativeTarget section */

/* Begin PBXProject section */
		952ADF0B1BB7A9C000BE1478 /* Project object */ = {
			isa = PBXProject;
			attributes = {
				LastUpgradeCheck = 0640;
				ORGANIZATIONNAME = com.MyCodeIsWorking;
				TargetAttributes = {
					952ADF121BB7A9C000BE1478 = {
						CreatedOnToolsVersion = 6.4;
					};
					952ADF2B1BB7A9C000BE1478 = {
						CreatedOnToolsVersion = 6.4;
						TestTargetID = 952ADF121BB7A9C000BE1478;
					};
				};
			};
			buildConfigurationList = 952ADF0E1BB7A9C000BE1478 /* Build configuration list for PBXProject "Chalange 6" */;
			compatibilityVersion = "Xcode 3.2";
			developmentRegion = English;
			hasScannedForEncodings = 0;
			knownRegions = (
				en,
				Base,
			);
			mainGroup = 952ADF0A1BB7A9C000BE1478;
			productRefGroup = 952ADF141BB7A9C000BE1478 /* Products */;
			projectDirPath = "";
			projectRoot = "";
			targets = (
				952ADF121BB7A9C000BE1478 /* Chalange 6 */,
				952ADF2B1BB7A9C000BE1478 /* Chalange 6Tests */,
			);
		};
/* End PBXProject section */

/* Begin PBXResourcesBuildPhase section */
		952ADF111BB7A9C000BE1478 /* Resources */ = {
			isa = PBXResourcesBuildPhase;
			buildActionMask = 2147483647;
			files = (
				952ADF221BB7A9C000BE1478 /* Main.storyboard in Resources */,
				952ADF271BB7A9C000BE1478 /* LaunchScreen.xib in Resources */,
				952ADF241BB7A9C000BE1478 /* Images.xcassets in Resources */,
			);
			runOnlyForDeploymentPostprocessing = 0;
		};
		952ADF2A1BB7A9C000BE1478 /* Resources */ = {
			isa = PBXResourcesBuildPhase;
			buildActionMask = 2147483647;
			files = (
			);
			runOnlyForDeploymentPostprocessing = 0;
		};
/* End PBXResourcesBuildPhase section */

/* Begin PBXSourcesBuildPhase section */
		952ADF0F1BB7A9C000BE1478 /* Sources */ = {
			isa = PBXSourcesBuildPhase;
			buildActionMask = 2147483647;
			files = (
				952ADF1F1BB7A9C000BE1478 /* ViewController.m in Sources */,
				952ADF1C1BB7A9C000BE1478 /* AppDelegate.m in Sources */,
				952ADF191BB7A9C000BE1478 /* main.m in Sources */,
			);
			runOnlyForDeploymentPostprocessing = 0;
		};
		952ADF281BB7A9C000BE1478 /* Sources */ = {
			isa = PBXSourcesBuildPhase;
			buildActionMask = 2147483647;
			files = (
				952ADF331BB7A9C000BE1478 /* Chalange_6Tests.m in Sources */,
			);
			runOnlyForDeploymentPostprocessing = 0;
		};
/* End PBXSourcesBuildPhase section */

/* Begin PBXTargetDependency section */
		952ADF2E1BB7A9C000BE1478 /* PBXTargetDependency */ = {
			isa = PBXTargetDependency;
			target = 952ADF121BB7A9C000BE1478 /* Chalange 6 */;
			targetProxy = 952ADF2D1BB7A9C000BE1478 /* PBXContainerItemProxy */;
		};
/* End PBXTargetDependency section */

/* Begin PBXVariantGroup section */
		952ADF201BB7A9C000BE1478 /* Main.storyboard */ = {
			isa = PBXVariantGroup;
			children = (
				952ADF211BB7A9C000BE1478 /* Base */,
			);
			name = Main.storyboard;
			sourceTree = "<group>";
		};
		952ADF251BB7A9C000BE1478 /* LaunchScreen.xib */ = {
			isa = PBXVariantGroup;
			children = (
				952ADF261BB7A9C000BE1478 /* Base */,
			);
			name = LaunchScreen.xib;
			sourceTree = "<group>";
		};
/* End PBXVariantGroup section */

/* Begin XCBuildConfiguration section */
		952ADF341BB7A9C000BE1478 /* Debug */ = {
			isa = XCBuildConfiguration;
			buildSettings = {
				ALWAYS_SEARCH_USER_PATHS = NO;
				CLANG_CXX_LANGUAGE_STANDARD = "gnu++0x";
				CLANG_CXX_LIBRARY = "libc++";
				CLANG_ENABLE_MODULES = YES;
				CLANG_ENABLE_OBJC_ARC = YES;
				CLANG_WARN_BOOL_CONVERSION = YES;
				CLANG_WARN_CONSTANT_CONVERSION = YES;
				CLANG_WARN_DIRECT_OBJC_ISA_USAGE = YES_ERROR;
				CLANG_WARN_EMPTY_BODY = YES;
				CLANG_WARN_ENUM_CONVERSION = YES;
				CLANG_WARN_INT_CONVERSION = YES;
				CLANG_WARN_OBJC_ROOT_CLASS = YES_ERROR;
				CLANG_WARN_UNREACHABLE_CODE = YES;
				CLANG_WARN__DUPLICATE_METHOD_MATCH = YES;
				"CODE_SIGN_IDENTITY[sdk=iphoneos*]" = "iPhone Developer";
				COPY_PHASE_STRIP = NO;
				DEBUG_INFORMATION_FORMAT = "dwarf-with-dsym";
				ENABLE_STRICT_OBJC_MSGSEND = YES;
				GCC_C_LANGUAGE_STANDARD = gnu99;
				GCC_DYNAMIC_NO_PIC = NO;
				GCC_NO_COMMON_BLOCKS = YES;
				GCC_OPTIMIZATION_LEVEL = 0;
				GCC_PREPROCESSOR_DEFINITIONS = (
					"DEBUG=1",
					"$(inherited)",
				);
				GCC_SYMBOLS_PRIVATE_EXTERN = NO;
				GCC_WARN_64_TO_32_BIT_CONVERSION = YES;
				GCC_WARN_ABOUT_RETURN_TYPE = YES_ERROR;
				GCC_WARN_UNDECLARED_SELECTOR = YES;
				GCC_WARN_UNINITIALIZED_AUTOS = YES_AGGRESSIVE;
				GCC_WARN_UNUSED_FUNCTION = YES;
				GCC_WARN_UNUSED_VARIABLE = YES;
				IPHONEOS_DEPLOYMENT_TARGET = 8.4;
				MTL_ENABLE_DEBUG_INFO = YES;
				ONLY_ACTIVE_ARCH = YES;
				SDKROOT = iphoneos;
			};
			name = Debug;
		};
		952ADF351BB7A9C000BE1478 /* Release */ = {
			isa = XCBuildConfiguration;
			buildSettings = {
				ALWAYS_SEARCH_USER_PATHS = NO;
				CLANG_CXX_LANGUAGE_STANDARD = "gnu++0x";
				CLANG_CXX_LIBRARY = "libc++";
				CLANG_ENABLE_MODULES = YES;
				CLANG_ENABLE_OBJC_ARC = YES;
				CLANG_WARN_BOOL_CONVERSION = YES;
				CLANG_WARN_CONSTANT_CONVERSION = YES;
				CLANG_WARN_DIRECT_OBJC_ISA_USAGE = YES_ERROR;
				CLANG_WARN_EMPTY_BODY = YES;
				CLANG_WARN_ENUM_CONVERSION = YES;
				CLANG_WARN_INT_CONVERSION = YES;
				CLANG_WARN_OBJC_ROOT_CLASS = YES_ERROR;
				CLANG_WARN_UNREACHABLE_CODE = YES;
				CLANG_WARN__DUPLICATE_METHOD_MATCH = YES;
				"CODE_SIGN_IDENTITY[sdk=iphoneos*]" = "iPhone Developer";
				COPY_PHASE_STRIP = NO;
				DEBUG_INFORMATION_FORMAT = "dwarf-with-dsym";
				ENABLE_NS_ASSERTIONS = NO;
				ENABLE_STRICT_OBJC_MSGSEND = YES;
				GCC_C_LANGUAGE_STANDARD = gnu99;
				GCC_NO_COMMON_BLOCKS = YES;
				GCC_WARN_64_TO_32_BIT_CONVERSION = YES;
				GCC_WARN_ABOUT_RETURN_TYPE = YES_ERROR;
				GCC_WARN_UNDECLARED_SELECTOR = YES;
				GCC_WARN_UNINITIALIZED_AUTOS = YES_AGGRESSIVE;
				GCC_WARN_UNUSED_FUNCTION = YES;
				GCC_WARN_UNUSED_VARIABLE = YES;
				IPHONEOS_DEPLOYMENT_TARGET = 8.4;
				MTL_ENABLE_DEBUG_INFO = NO;
				SDKROOT = iphoneos;
				VALIDATE_PRODUCT = YES;
			};
			name = Release;
		};
		952ADF371BB7A9C000BE1478 /* Debug */ = {
			isa = XCBuildConfiguration;
			buildSettings = {
				ASSETCATALOG_COMPILER_APPICON_NAME = AppIcon;
				INFOPLIST_FILE = "Chalange 6/Info.plist";
				LD_RUNPATH_SEARCH_PATHS = "$(inherited) @executable_path/Frameworks";
				PRODUCT_NAME = "$(TARGET_NAME)";
			};
			name = Debug;
		};
		952ADF381BB7A9C000BE1478 /* Release */ = {
			isa = XCBuildConfiguration;
			buildSettings = {
				ASSETCATALOG_COMPILER_APPICON_NAME = AppIcon;
				INFOPLIST_FILE = "Chalange 6/Info.plist";
				LD_RUNPATH_SEARCH_PATHS = "$(inherited) @executable_path/Frameworks";
				PRODUCT_NAME = "$(TARGET_NAME)";
			};
			name = Release;
		};
		952ADF3A1BB7A9C000BE1478 /* Debug */ = {
			isa = XCBuildConfiguration;
			buildSettings = {
				BUNDLE_LOADER = "$(TEST_HOST)";
				FRAMEWORK_SEARCH_PATHS = (
					"$(SDKROOT)/Developer/Library/Frameworks",
					"$(inherited)",
				);
				GCC_PREPROCESSOR_DEFINITIONS = (
					"DEBUG=1",
					"$(inherited)",
				);
				INFOPLIST_FILE = "Chalange 6Tests/Info.plist";
				LD_RUNPATH_SEARCH_PATHS = "$(inherited) @executable_path/Frameworks @loader_path/Frameworks";
				PRODUCT_NAME = "$(TARGET_NAME)";
				TEST_HOST = "$(BUILT_PRODUCTS_DIR)/Chalange 6.app/Chalange 6";
			};
			name = Debug;
		};
		952ADF3B1BB7A9C000BE1478 /* Release */ = {
			isa = XCBuildConfiguration;
			buildSettings = {
				BUNDLE_LOADER = "$(TEST_HOST)";
				FRAMEWORK_SEARCH_PATHS = (
					"$(SDKROOT)/Developer/Library/Frameworks",
					"$(inherited)",
				);
				INFOPLIST_FILE = "Chalange 6Tests/Info.plist";
				LD_RUNPATH_SEARCH_PATHS = "$(inherited) @executable_path/Frameworks @loader_path/Frameworks";
				PRODUCT_NAME = "$(TARGET_NAME)";
				TEST_HOST = "$(BUILT_PRODUCTS_DIR)/Chalange 6.app/Chalange 6";
			};
			name = Release;
		};
/* End XCBuildConfiguration section */

/* Begin XCConfigurationList section */
		952ADF0E1BB7A9C000BE1478 /* Build configuration list for PBXProject "Chalange 6" */ = {
			isa = XCConfigurationList;
			buildConfigurations = (
				952ADF341BB7A9C000BE1478 /* Debug */,
				952ADF351BB7A9C000BE1478 /* Release */,
			);
			defaultConfigurationIsVisible = 0;
			defaultConfigurationName = Release;
		};
		952ADF361BB7A9C000BE1478 /* Build configuration list for PBXNativeTarget "Chalange 6" */ = {
			isa = XCConfigurationList;
			buildConfigurations = (
				952ADF371BB7A9C000BE1478 /* Debug */,
				952ADF381BB7A9C000BE1478 /* Release */,
			);
			defaultConfigurationIsVisible = 0;
		};
		952ADF391BB7A9C000BE1478 /* Build configuration list for PBXNativeTarget "Chalange 6Tests" */ = {
			isa = XCConfigurationList;
			buildConfigurations = (
				952ADF3A1BB7A9C000BE1478 /* Debug */,
				952ADF3B1BB7A9C000BE1478 /* Release */,
			);
			defaultConfigurationIsVisible = 0;
		};
/* End XCConfigurationList section */
	};
	rootObject = 952ADF0B1BB7A9C000BE1478 /* Project object */;
}
